{
  "version": 4,
  "terraform_version": "1.0.8",
  "serial": 29,
  "lineage": "e2e4fe0e-7fac-a5e0-a44a-d7291dee78c8",
  "outputs": {},
  "resources": [
    {
      "mode": "managed",
      "type": "azurerm_container_registry",
      "name": "container_registry",
      "provider": "provider[\"registry.terraform.io/hashicorp/azurerm\"]",
      "instances": [
        {
          "schema_version": 2,
          "attributes": {
            "admin_enabled": true,
            "admin_password": "71DbvmHbZ9z/v1OYGwTOPTIx9TOBafVs",
            "admin_username": "flixtubeOrinayo",
            "encryption": [
              {
                "enabled": false,
                "identity_client_id": "",
                "key_vault_key_id": ""
              }
            ],
            "georeplication_locations": [],
            "georeplications": [],
            "id": "/subscriptions/1d26022c-9813-462f-b5e1-8065836559de/resourceGroups/flixtubeOrinayo/providers/Microsoft.ContainerRegistry/registries/flixtubeOrinayo",
            "identity": [],
            "location": "westus",
            "login_server": "flixtubeorinayo.azurecr.io",
            "name": "flixtubeOrinayo",
            "network_rule_set": [],
            "public_network_access_enabled": true,
            "quarantine_policy_enabled": false,
            "resource_group_name": "flixtubeOrinayo",
            "retention_policy": [
              {
                "days": 7,
                "enabled": false
              }
            ],
            "sku": "Basic",
            "storage_account_id": null,
            "tags": {},
            "timeouts": null,
            "trust_policy": [
              {
                "enabled": false
              }
            ],
            "zone_redundancy_enabled": false
          },
          "sensitive_attributes": [],
          "private": "eyJlMmJmYjczMC1lY2FhLTExZTYtOGY4OC0zNDM2M2JjN2M0YzAiOnsiY3JlYXRlIjoxODAwMDAwMDAwMDAwLCJkZWxldGUiOjE4MDAwMDAwMDAwMDAsInJlYWQiOjMwMDAwMDAwMDAwMCwidXBkYXRlIjoxODAwMDAwMDAwMDAwfSwic2NoZW1hX3ZlcnNpb24iOiIyIn0=",
          "dependencies": [
            "azurerm_resource_group.flixtube"
          ]
        }
      ]
    },
    {
      "mode": "managed",
      "type": "azurerm_kubernetes_cluster",
      "name": "cluster",
      "provider": "provider[\"registry.terraform.io/hashicorp/azurerm\"]",
      "instances": [
        {
          "schema_version": 0,
          "attributes": {
            "addon_profile": [
              {
                "aci_connector_linux": [
                  {
                    "enabled": false,
                    "subnet_name": ""
                  }
                ],
                "azure_policy": [
                  {
                    "enabled": false
                  }
                ],
                "http_application_routing": [
                  {
                    "enabled": false,
                    "http_application_routing_zone_name": ""
                  }
                ],
                "ingress_application_gateway": [
                  {
                    "effective_gateway_id": "",
                    "enabled": false,
                    "gateway_id": "",
                    "gateway_name": "",
                    "ingress_application_gateway_identity": [],
                    "subnet_cidr": "",
                    "subnet_id": ""
                  }
                ],
                "kube_dashboard": [
                  {
                    "enabled": false
                  }
                ],
                "oms_agent": [
                  {
                    "enabled": false,
                    "log_analytics_workspace_id": "",
                    "oms_agent_identity": []
                  }
                ]
              }
            ],
            "api_server_authorized_ip_ranges": [],
            "auto_scaler_profile": [],
            "automatic_channel_upgrade": "",
            "default_node_pool": [
              {
                "availability_zones": [],
                "enable_auto_scaling": false,
                "enable_host_encryption": false,
                "enable_node_public_ip": false,
                "fips_enabled": false,
                "kubelet_config": [],
                "kubelet_disk_type": "OS",
                "linux_os_config": [],
                "max_count": 0,
                "max_pods": 110,
                "min_count": 0,
                "name": "default",
                "node_count": 1,
                "node_labels": {},
                "node_public_ip_prefix_id": "",
                "node_taints": [],
                "only_critical_addons_enabled": false,
                "orchestrator_version": "1.21.2",
                "os_disk_size_gb": 128,
                "os_disk_type": "Managed",
                "os_sku": "Ubuntu",
                "pod_subnet_id": "",
                "proximity_placement_group_id": "",
                "tags": {},
                "type": "VirtualMachineScaleSets",
                "ultra_ssd_enabled": false,
                "upgrade_settings": [],
                "vm_size": "Standard_B2ms",
                "vnet_subnet_id": ""
              }
            ],
            "disk_encryption_set_id": "",
            "dns_prefix": "flixtubeOrinayo",
            "dns_prefix_private_cluster": "",
            "enable_pod_security_policy": false,
            "fqdn": "flixtubeorinayo-84ce036b.hcp.westus.azmk8s.io",
            "id": "/subscriptions/1d26022c-9813-462f-b5e1-8065836559de/resourcegroups/flixtubeOrinayo/providers/Microsoft.ContainerService/managedClusters/flixtubeOrinayo",
            "identity": [],
            "kube_admin_config": [],
            "kube_admin_config_raw": "",
            "kube_config": [
              {
                "client_certificate": "LS0tLS1CRUdJTiBDRVJUSUZJQ0FURS0tLS0tCk1JSUZIakNDQXdhZ0F3SUJBZ0lSQU1tWDZMOHBGTmhtaUwydjZTMm5CREF3RFFZSktvWklodmNOQVFFTEJRQXcKRFRFTE1Ba0dBMVVFQXhNQ1kyRXdIaGNOTWpFeE1EQXlNakUxTVRNNFdoY05Nak14TURBeU1qSXdNVE00V2pBdwpNUmN3RlFZRFZRUUtFdzV6ZVhOMFpXMDZiV0Z6ZEdWeWN6RVZNQk1HQTFVRUF4TU1iV0Z6ZEdWeVkyeHBaVzUwCk1JSUNJakFOQmdrcWhraUc5dzBCQVFFRkFBT0NBZzhBTUlJQ0NnS0NBZ0VBd0c5QlFITk9zNXNKNlV0eFlyc3oKM2hzTWNjL2E5ZmMzWloyL01hZXZuV0ZXYVZETVkydzQ1VjZoRGFzcE5WcTJXRGpUWXZwdXR6NGhlS1dORklrMApKNEN4RWJqVUtRTU02Qk05WDBiU3hzSWE3eE1xaDM4aFlUZFpSbmVFeW1ubzJKdE1nK0xjYXNYWW9idHpRdUZqCldTUlYzd1N3bEFrUnhBQ2hPL1ExcW81bmROcldQRVdTaHEwUGNaN3VUNjJIU1dITmxOL294RVNHY1V2TzdJSmIKSnhVSHI1VXFOTWpaNnNxWVdVYlhzOGFaeEY2aUpOZ0NkMklreWd0TzJsbnlMNEtraU9QRWNOSFJQM2lyTy9ocQpVditwZDdtb0pvMHoyVHV6UmRQVkt3bzBTVmsrOE9BbEoxTGFaZzZaU29tWjlXM0U3dUc1dVFRaFRaUWRFYWpBCis1MVE4MTBBUGJTc1VINWtWOUlpNzgrNzlwWi9KSE9MMnNoQWMza1dHRGlFdnNFcld0aDQ4blNYcjhtVUlDM2oKTGV2Zi9HRHIreUZRaERTVjBzNlAwdzEzTlE0ZjdTMmYrTkNRU05TTGRxOFhQUTNVOGtoSlFlZ1JxVTRFSHJnWgovUnZ6dnJSdmZ6QStoZnVpaEM4MDdzc0NVSkdrdzNZeWJOOHBFVWdCbFhUNlNMTmJLanZzUlRCUTcxcEhKSUFpCmFUdlh2dkNhdkhZZVNCUFBqSjZuUUczVXZ4emsvVUJobDN6YjdITTgyU050VWJmZHQ3Q05aZzUzSExSWmJxZXUKTmZrb2w1R0dkVVd5WFFnVXF5Y05KbGdWaDZIakRsOHFLSDRYUUZOaWtuaHNJcDhxTEZyR2RsYWUvdndnNVRsVwpuSkxMYUZMMmtpOGNxcDBnWVVmdVl2Y0NBd0VBQWFOV01GUXdEZ1lEVlIwUEFRSC9CQVFEQWdXZ01CTUdBMVVkCkpRUU1NQW9HQ0NzR0FRVUZCd01DTUF3R0ExVWRFd0VCL3dRQ01BQXdId1lEVlIwakJCZ3dGb0FVKzUzUnVsaTgKN3lGcStkUlJUT1cxVmtlMFpsZ3dEUVlKS29aSWh2Y05BUUVMQlFBRGdnSUJBTU5MU1BiN3J5WGhxeGtEUjUrcQp4UkpBQ2lFWGJhbXhjcWI0THo5RmxZdG5aaDdDMDdBSFBNUngxNWhKWHdIN2J2TTBXOElQVWhSQW9XaFppMHVFCkkxR1ZGUHFkUW8yTU9kRDZNWURlVllORHhRZDdaUzNIY2ZoNGNOMnZYRFJCTS9QRmVwYXVkSW5qaEs2L1hMMzAKTmdLdm9pMXhXd1licGl0YWpyd2FZYlZIajQ5UVZYbXBPQ2N1Nkx4TVVINC93VWpnSkZhZ2dyb2FGQkh6N1pmUQpPdXIvV3VyclY4aWljaVpYUTh4eWtEU1lreUx0QkduOFdjODdLOS9ybzZ6eVVqeE1ncWtRSkh3R0lHTHptYXhVClNTWDhBNThybTNpSnNQSzl4ZUd2VVdFVFVOQXF1YlFLNjVxZURLNzI0RnJwVFhLZjF6VCtjWGVkVldheXQrdEcKTExyRmRXeUFXUHFKcmp3emZVZzMwRTJlNmxrYjRNUVc3ZitQT3NkTml1aUZ4WkVaRXdvcWgzKzh0b1dSUDlZdApKQkUyTzNNcEdVVFJVZGJLVW0yblBKT252THYweEVoSVhjYUR0NzVFSGc3L094T0FPUmlqc0FCZ2xGWmhiQXZvCk0wMys0ZFNNRm1FSE4wU245WTVLK2gvWmhqdkdsUTdQdWFDNlBEVGU0dkR1c1JJRVdQOTFubFVQZmdsZjFtZFEKMXgrMktCeTZEaGIxTkt5Z2dGdUVaaGs3TEZMNEt2aTN2NzR3WDJXYkwwVGRNQlNmbnphTjBwNmFjU1Q3RXUrTAozemRoZWJBcnF5NkdDTmNhR0lqbkF5eEVUUmRodm5QSlhGR2U5aEFsQkkzaXZlS3p6QVhHV01RR0VDNW9RNStWCklrTHBrM2ZUeWxMTkM5RUJTeUxRQUdUZAotLS0tLUVORCBDRVJUSUZJQ0FURS0tLS0tCg==",
                "client_key": "LS0tLS1CRUdJTiBSU0EgUFJJVkFURSBLRVktLS0tLQpNSUlKSndJQkFBS0NBZ0VBd0c5QlFITk9zNXNKNlV0eFlyc3ozaHNNY2MvYTlmYzNaWjIvTWFldm5XRldhVkRNClkydzQ1VjZoRGFzcE5WcTJXRGpUWXZwdXR6NGhlS1dORklrMEo0Q3hFYmpVS1FNTTZCTTlYMGJTeHNJYTd4TXEKaDM4aFlUZFpSbmVFeW1ubzJKdE1nK0xjYXNYWW9idHpRdUZqV1NSVjN3U3dsQWtSeEFDaE8vUTFxbzVuZE5yVwpQRVdTaHEwUGNaN3VUNjJIU1dITmxOL294RVNHY1V2TzdJSmJKeFVIcjVVcU5Nalo2c3FZV1ViWHM4YVp4RjZpCkpOZ0NkMklreWd0TzJsbnlMNEtraU9QRWNOSFJQM2lyTy9ocVV2K3BkN21vSm8wejJUdXpSZFBWS3dvMFNWaysKOE9BbEoxTGFaZzZaU29tWjlXM0U3dUc1dVFRaFRaUWRFYWpBKzUxUTgxMEFQYlNzVUg1a1Y5SWk3OCs3OXBaLwpKSE9MMnNoQWMza1dHRGlFdnNFcld0aDQ4blNYcjhtVUlDM2pMZXZmL0dEcit5RlFoRFNWMHM2UDB3MTNOUTRmCjdTMmYrTkNRU05TTGRxOFhQUTNVOGtoSlFlZ1JxVTRFSHJnWi9Sdnp2clJ2ZnpBK2hmdWloQzgwN3NzQ1VKR2sKdzNZeWJOOHBFVWdCbFhUNlNMTmJLanZzUlRCUTcxcEhKSUFpYVR2WHZ2Q2F2SFllU0JQUGpKNm5RRzNVdnh6awovVUJobDN6YjdITTgyU050VWJmZHQ3Q05aZzUzSExSWmJxZXVOZmtvbDVHR2RVV3lYUWdVcXljTkpsZ1ZoNkhqCkRsOHFLSDRYUUZOaWtuaHNJcDhxTEZyR2RsYWUvdndnNVRsV25KTExhRkwya2k4Y3FwMGdZVWZ1WXZjQ0F3RUEKQVFLQ0FnQUxFZHRWRTgwQk0vZjcvYVVHSXZLMjRpTnpJSnZkN2x5M2NiMmY0NStNbEI3ZWJCRjEzckhmTC9SZgp6dXJOOE92d1kwUjF1eVpIVUVHb3FRMVdreFgyOThZMzJNUUxuK3RNSmw4dmJlbU9HWGhuTEZrVDlsSTdQMjNaClNlTFBxZ3dFK2RvSzlDL3R6SGZMeGZhNWNESEEzUUE3bGc5NlZKTTdEVFk1TnJFbm9JMS9BVisxaytMNzhGU2wKR3BsbTUvcVNWQmY1YW0vL2FsbTVocnplaWhrb1JHTnV6RXZqUVhLWHVSUE9mdTdGbnJVVndNUGZEcllGbkJXMQpzYlRWaHJzUjFKZ1diOVBMRWFiUjJlVXZ5L2lCMGNjejVmQXdWNHNXQWdNc0R5V0NGbEl2cmZ5YTZxbjRleUdwCklVbmNLZEk3ZGhjUUR0Z2FOb3liNDl0UU9yN3ZJTWhCTWIwZ3ltaXhIeENwRzlwT2tVdGJrSjIwY1ppcW1ybzUKWVZrdVBGOGpKbUJYZTFpai9HWUNkK3FhN3lMOEJJcnlvcEZBd1ZUVzNSc2pqb2dHK1JMeGNORkdYL0t3d2xCSApZcDJVZFZRY1p0U0hzc3hUdk5OU2M3SGZPNWdwYVl6N0hYc1JNY2pQSnQxdmJpRGFwY29RK0FaTWhNTlR5YndqCnk4Nm0rNzVvVFo5ZzU3T2t2RTZVbTkrbjlhVGl2a1RyS0ZhcHBxUTRFUUlPU0hzbkJSVTBTYzIwUGM4VG4xTncKODZ4M3ZhNGRMWDI5REhwZUNYelVVZHFCaC9rbWFablBORTZEVG9XTHpERjVlckFtdjVYSzV6bzU1azhHZmVjNgp3d1ZQTGdVUytKdE5MQjJQbEpMYnczOUtGZ0EwRFQram5PcTFYalJ4Q3oxVlk4RkhjUUtDQVFFQStKOHI4cnVQClc1ZHJUSUFpUlYzZnkzbVhxVlRtanBUZUhnMFJWVllrNzJzYWVIOHNZcThaVGxJSFQrRjNxalRhQVdaVWQ3dlMKS0x3cHJJWE1GKy9qdUx1OUZoY0pNUUdaMlJIMkE5Y0lVaTBXenUzaGZiZG1WRDYvSkhBVFRudXJJWklyWTNFQQoxVGVqZ0ZCR01CckwwbjgrK21jU0t6MUoyM2g1a2ZFY0h5VWVPUG1QVDZEZ2dBQnZGMGNUd3VLdnV4aGxFeldoCmU2aXVRNUxJMzZLM292cVhTN0NENTVqTk9zNWpPRm9lalJIYm5zR2daRDVoaW95OEd5UG93eVZNQmtpZHFyaTEKZ2xYMW5jWk51YjhCY2FQNDJFQ0RUbDB1QllKM0ZTVjg2cFhocFRzaDFwd2RaSXhDcmxySUVibmZ6YlIxd01RTQpaQVU3cDhSb0dmcEU3UUtDQVFFQXhpVTMzWXhhTFlXbUQya25odFYzaDdvN1dLTzRDTDQwaGdUdDZvay9YbmI1Cm10OGVsM1gycjNDRHo5MGIxWEdLODErQUp0cGY3eG0wY05iT1BUMWZCdXRmejZhZXBDSjNFcFd6L21ncldQQUIKNjdsbDJuVXFaM3Bxa1pZRXkwNWxheE53cDFzMGphN3o0eXpmNlJUc1ZQTVBScDdDVlNkWlJCRjB6OVp1Q1VjYgpRL0dHNHNBb3pPRjduUVlOWkR5VElGaVZJTVMzTkxyemYvZEhUd043Vk5Ha2ErUlgrSXJEazNkUCtvMDFmQVVxCkVtU1RqSE0rWVRtejhGZW5JaVZXODg5OUZkQVZoakJoVWxFOU9xeHZFZDJnNnJJVnNMaU5mVGUyTm40ZmczK0sKVmJqZVNEbE9uVzh5MTBiam5ySjJtQVdrSytsTlh0MWJzZmp0Qk1JTzh3S0NBUUErTmg0YUpBS3dTWWhvNFJzeQpQbFkwcFIxbEdzQ0Nady9aZHkyaUsrY2NIYkhHK3hPUk1mMWtFclNQc1h4dkU4Q0ZYeVM5dlRyT1JKOHM4MkhwCmozWnRFRlUxUk5oZzhlU2NZNWtxeHREbk55OGc0bmR0TE1vblJIZ3gxdldOeXZZOGRVWDBJUit6T3JQbjlLNUwKZFRrUldCUGJOcFZlU256RHRUYStaUlhEV1ZkaHJGakc5UnVZREFQQVVHSEtmMHkzeFZmdFlac2h4VWl0MGZuLwpzOGk5dUhUSlZNYjgyY2hvOGFIMFJPQ21MaFRGZWUvM2hZQ0UyY2hzQmlWRlIzenBpWndpVHd2a0xEeEVtWTF6CmNDOGRUNG1DRzBwLy9tTDRyL2U2UytJaEZSWWNjVnA3U0I4MnZMNG13TUtWWk94eW5iaGxYdWsyMGZSbWU0Z04KRUFuVkFvSUJBQVh4cStGYmlvRC9GMkl5OTFxV0lNWFRrbUF3V1I3NkJiMVhmSU9pcG1JQkU2L1ByYTFCZnFyNApweHVmT0d5SXdYQlhseEtUVG5sdnZmZjhtYWRBcGc4aEZIaTRPTjRYb3BiT0l0NG81ZFAvTHkrUkdqc1pkTEl4CisreHVJYXF2cVY4eThCZzFKamh4M1NNZGY0SVFmSjUzeENlTUw2dzZSL1ZBeU01TFVuVzR5bHFaYmtCekgwWTIKSlcwcWQxQmdlTkZwbHQrcXh3d3Y1NG9aTXV4dDRFOUZFcmVoMi9tNnYrODJqeEduRnNtbnBnRnpQdkhocXlkagpnY0JlQU1lSGN6cFJLU0YwWXBEcDlxRnZpblN1STQ3WHBUSWxNWDFocSt6cnRPMmhqdlIwNlFOMVRrWEFZbGxhCnNwMitwS2xvRlNLdVdLUndsVCtaU0Z6b2FNUFJ4bjBDZ2dFQUs2T09mTGt3Y2VYOEJnODdHYzVLTjZzWlVaZGUKeGdXYzhQY093RndQMlpudlJVQkV5WUdSTXpxSDBFaTJxQ3BPSmpaUXJ1SGtycGJMUG9GYzRoUmVJRno1OGFiWQovejU3WGl6RGptbDlRY045cytjNUdxelg2WmZRTVF4UEhQcFRXOVV2Y1I4TGZRR1Z3M05iRmsrdHdWRTJnRFgzCk1OdDdpTkVyRUpCMFY1ZEtDTDNmeTMyQmRwNVd0ZGRmaEp3emsrd1kvMCtQZUhGQ09aQWpYT3EwTXJ6WHdMNCsKRGhvNkhVUkRodzhJNmZieEhBbU9TRnRUbVRnK2ovL1RWM2p1dHNjQ0Z2cXY4Tzc2Yms4QXZOS0tFN2I3QXhvWgorYUk1aFZuOC9oT0tCNEpva08wVSswc2RGWGlLa2ljVlp3Wkd1RDBtQTNFald6VkNXMG9QR0Z4RnN3PT0KLS0tLS1FTkQgUlNBIFBSSVZBVEUgS0VZLS0tLS0K",
                "cluster_ca_certificate": "LS0tLS1CRUdJTiBDRVJUSUZJQ0FURS0tLS0tCk1JSUU2VENDQXRHZ0F3SUJBZ0lSQU0rQUk3cGQwZS9wWllwaTROQnQ2dkl3RFFZSktvWklodmNOQVFFTEJRQXcKRFRFTE1Ba0dBMVVFQXhNQ1kyRXdJQmNOTWpFeE1EQXlNakUxTVRNNFdoZ1BNakExTVRFd01ESXlNakF4TXpoYQpNQTB4Q3pBSkJnTlZCQU1UQW1OaE1JSUNJakFOQmdrcWhraUc5dzBCQVFFRkFBT0NBZzhBTUlJQ0NnS0NBZ0VBCnlpQnFHRWU2dkRMckNyTUtGZ3dVdFIrOSsvM2xFazcyTXRKUHFWR0dEMm9vZ3Z5eWRKVnpzaGJ1Y2I0anY4N08KaS9zblVZbzlOSVZUaTZybzlaQW5SRTdmNWJGYjBESWNacnYvZHNKRnh0Q21aV0ZadlVRZFp6cnVEZ1VJbU0rKwpXa0lHaENBUDNCSW91VnpBWGZvdXdNcG5hRjdjMkk5d3pNWXpFa1Y0V1Z1TlRsUU5CTi9rMm4yd1plTGNMNGNKCmV0QXpzdm1kbmJwcCt3UE5UbG8wVkFPVnpJM1F4cHdxOHMwM0dNKzQ0dXEzZ05IcWdXK3Qwa00rRDNveExjWXUKYlhhNHlhQklzL3RLQkxxL2twT0QxenNOU1BqcXc1VTFxcjVtdzhkdXp5NHN1djNSMXova0lpUllrellicG1pTQpwMHFVYVJBTCtqdG9tUUZrUmZXaVNaK3Bxekl0MGZuYnFaeTVQcmVSZXA5Yjc3bVI3V1VVbnBTM2hEa2VwU3pWClFPeldwaTlZcXBVc2xlMllGUHZmdW1KV2FLU3FZWUh5N3RoU0VqTWlXam5lOVdjVk5HTU16ZEhyTWIrQ3NieTkKN3JnQUpyYVhyK2ZScUZBSFdNS1JsN0VtejZvbDZ5ZU1vcSttTTNSY0xzU2h2MmV6TlZvVzFQNENRdFp1eFRSNQpKdk9sOVJmemZEcGI3UVBQbUltY2FTeGNlSlJ2RnZrY09JNm1KM2xKNnNPNHZpSisraU1jUDdCWHNwQ2NEZHZaCnE0dFVCWEFpV3NZYzJRSm9aZ2gwS1lBR2t0d2N4UVNscjV5NGt1dGZNZ2pQSVlyRk1PM3UraFJ6WnpiSlkwcHIKU242bjdTcGMxUHppd3lYMGtlYkU3THVQVEdYRlo2dUFZc0l6SGEvQ3M0OENBd0VBQWFOQ01FQXdEZ1lEVlIwUApBUUgvQkFRREFnS2tNQThHQTFVZEV3RUIvd1FGTUFNQkFmOHdIUVlEVlIwT0JCWUVGUHVkMGJwWXZPOGhhdm5VClVVemx0VlpIdEdaWU1BMEdDU3FHU0liM0RRRUJDd1VBQTRJQ0FRQWpKNXM3Z2FvS0trMVRESzh5OU9tQ2tiRVoKaE1mRlNPMjhkb0gyck1nYm5wMVpvbzVyZHlnb1J0TXNaNkJGMndhZC9kcTFSTzNuNUdkT3JRU1c0NkJKNFR6bwp4MUJSVTNFaTZtUGFlcjhsQ3JMK1ZpVXJ0U1kxMUJHMy9HMmFIQzMyaXNMcnUvYWtOd2I3enpTcmxjWFNNbGowCm1rRmc2U3E4UW5Zb01PYU1JSmoyMDkwWFFsYnYzSi80YXBpWFYzcGNmZFlaRWhVTFIvVm92VHV3TjNJYnBieXoKeStWZW13S0RBM2hPZ2tDRjV0U1o4cnQ0aTAzSEhxazFMdE9ZenJseXM0bUhOQVozTysrbURXM3V2enE3bE1oLwo3QldjK25wQ3pveTlxdjRBc1dHSnI0UDNJNkcrSEZLS2VCZ2t0Q0JFY2x3WGRaalJFbVdGVXk2SnAvbU5OWnZTCnlub0M0eGdsZmtjZi9ZcnZpWSt4eVBHMTBzWW44TU43WEY0TGdvSmVWWUg2QzkzZVdmb2ZlaHhNNHp2TzRNOVYKRHlCbWN0S3BudEJDYldQRDhHNVg4VXdDWVlrdDRxUi96cnpybWN0N3UyeUd0TGlZMXgxK2dKdkxxdDJwZ3RYSAp0VWcwRmpueVlCSjREUzRCcFFuRmdoVnNDYmI2dlIwQzJZZzhjOGt3aUVCbnVKZDByWGEyRFRXTEhaVEp3d2d6CmNJQTZDZDl2ZUhWNEk3d1JYL1N3VEV5RS9IbGI2VUkrZytVdlk2bVZnWTFsV2FOb1dJVWU4UWs4cDVPYVUyZGQKRTJsODdsSnlMQTU3cWJhbkF6akJHY3VjREUzUFVDc3QvVEZOMncvK29lUXFZekJtYTN2ZDJHWmFKcTdnc1FLOAo0cStQRzRodE5uV1pBelo4dXc9PQotLS0tLUVORCBDRVJUSUZJQ0FURS0tLS0tCg==",
                "host": "https://flixtubeorinayo-84ce036b.hcp.westus.azmk8s.io:443",
                "password": "3af30130a2b221f11b9a07c4e071a274a616b3a1d5d2b0316ee6ae218610cf6de17c63ea51f353452dcf50686f7531ade29a658d01768b0a9cc3d5c0b5fc8f41",
                "username": "clusterUser_flixtubeOrinayo_flixtubeOrinayo"
              }
            ],
            "kube_config_raw": "apiVersion: v1\nclusters:\n- cluster:\n    certificate-authority-data: LS0tLS1CRUdJTiBDRVJUSUZJQ0FURS0tLS0tCk1JSUU2VENDQXRHZ0F3SUJBZ0lSQU0rQUk3cGQwZS9wWllwaTROQnQ2dkl3RFFZSktvWklodmNOQVFFTEJRQXcKRFRFTE1Ba0dBMVVFQXhNQ1kyRXdJQmNOTWpFeE1EQXlNakUxTVRNNFdoZ1BNakExTVRFd01ESXlNakF4TXpoYQpNQTB4Q3pBSkJnTlZCQU1UQW1OaE1JSUNJakFOQmdrcWhraUc5dzBCQVFFRkFBT0NBZzhBTUlJQ0NnS0NBZ0VBCnlpQnFHRWU2dkRMckNyTUtGZ3dVdFIrOSsvM2xFazcyTXRKUHFWR0dEMm9vZ3Z5eWRKVnpzaGJ1Y2I0anY4N08KaS9zblVZbzlOSVZUaTZybzlaQW5SRTdmNWJGYjBESWNacnYvZHNKRnh0Q21aV0ZadlVRZFp6cnVEZ1VJbU0rKwpXa0lHaENBUDNCSW91VnpBWGZvdXdNcG5hRjdjMkk5d3pNWXpFa1Y0V1Z1TlRsUU5CTi9rMm4yd1plTGNMNGNKCmV0QXpzdm1kbmJwcCt3UE5UbG8wVkFPVnpJM1F4cHdxOHMwM0dNKzQ0dXEzZ05IcWdXK3Qwa00rRDNveExjWXUKYlhhNHlhQklzL3RLQkxxL2twT0QxenNOU1BqcXc1VTFxcjVtdzhkdXp5NHN1djNSMXova0lpUllrellicG1pTQpwMHFVYVJBTCtqdG9tUUZrUmZXaVNaK3Bxekl0MGZuYnFaeTVQcmVSZXA5Yjc3bVI3V1VVbnBTM2hEa2VwU3pWClFPeldwaTlZcXBVc2xlMllGUHZmdW1KV2FLU3FZWUh5N3RoU0VqTWlXam5lOVdjVk5HTU16ZEhyTWIrQ3NieTkKN3JnQUpyYVhyK2ZScUZBSFdNS1JsN0VtejZvbDZ5ZU1vcSttTTNSY0xzU2h2MmV6TlZvVzFQNENRdFp1eFRSNQpKdk9sOVJmemZEcGI3UVBQbUltY2FTeGNlSlJ2RnZrY09JNm1KM2xKNnNPNHZpSisraU1jUDdCWHNwQ2NEZHZaCnE0dFVCWEFpV3NZYzJRSm9aZ2gwS1lBR2t0d2N4UVNscjV5NGt1dGZNZ2pQSVlyRk1PM3UraFJ6WnpiSlkwcHIKU242bjdTcGMxUHppd3lYMGtlYkU3THVQVEdYRlo2dUFZc0l6SGEvQ3M0OENBd0VBQWFOQ01FQXdEZ1lEVlIwUApBUUgvQkFRREFnS2tNQThHQTFVZEV3RUIvd1FGTUFNQkFmOHdIUVlEVlIwT0JCWUVGUHVkMGJwWXZPOGhhdm5VClVVemx0VlpIdEdaWU1BMEdDU3FHU0liM0RRRUJDd1VBQTRJQ0FRQWpKNXM3Z2FvS0trMVRESzh5OU9tQ2tiRVoKaE1mRlNPMjhkb0gyck1nYm5wMVpvbzVyZHlnb1J0TXNaNkJGMndhZC9kcTFSTzNuNUdkT3JRU1c0NkJKNFR6bwp4MUJSVTNFaTZtUGFlcjhsQ3JMK1ZpVXJ0U1kxMUJHMy9HMmFIQzMyaXNMcnUvYWtOd2I3enpTcmxjWFNNbGowCm1rRmc2U3E4UW5Zb01PYU1JSmoyMDkwWFFsYnYzSi80YXBpWFYzcGNmZFlaRWhVTFIvVm92VHV3TjNJYnBieXoKeStWZW13S0RBM2hPZ2tDRjV0U1o4cnQ0aTAzSEhxazFMdE9ZenJseXM0bUhOQVozTysrbURXM3V2enE3bE1oLwo3QldjK25wQ3pveTlxdjRBc1dHSnI0UDNJNkcrSEZLS2VCZ2t0Q0JFY2x3WGRaalJFbVdGVXk2SnAvbU5OWnZTCnlub0M0eGdsZmtjZi9ZcnZpWSt4eVBHMTBzWW44TU43WEY0TGdvSmVWWUg2QzkzZVdmb2ZlaHhNNHp2TzRNOVYKRHlCbWN0S3BudEJDYldQRDhHNVg4VXdDWVlrdDRxUi96cnpybWN0N3UyeUd0TGlZMXgxK2dKdkxxdDJwZ3RYSAp0VWcwRmpueVlCSjREUzRCcFFuRmdoVnNDYmI2dlIwQzJZZzhjOGt3aUVCbnVKZDByWGEyRFRXTEhaVEp3d2d6CmNJQTZDZDl2ZUhWNEk3d1JYL1N3VEV5RS9IbGI2VUkrZytVdlk2bVZnWTFsV2FOb1dJVWU4UWs4cDVPYVUyZGQKRTJsODdsSnlMQTU3cWJhbkF6akJHY3VjREUzUFVDc3QvVEZOMncvK29lUXFZekJtYTN2ZDJHWmFKcTdnc1FLOAo0cStQRzRodE5uV1pBelo4dXc9PQotLS0tLUVORCBDRVJUSUZJQ0FURS0tLS0tCg==\n    server: https://flixtubeorinayo-84ce036b.hcp.westus.azmk8s.io:443\n  name: flixtubeOrinayo\ncontexts:\n- context:\n    cluster: flixtubeOrinayo\n    user: clusterUser_flixtubeOrinayo_flixtubeOrinayo\n  name: flixtubeOrinayo\ncurrent-context: flixtubeOrinayo\nkind: Config\npreferences: {}\nusers:\n- name: clusterUser_flixtubeOrinayo_flixtubeOrinayo\n  user:\n    client-certificate-data: LS0tLS1CRUdJTiBDRVJUSUZJQ0FURS0tLS0tCk1JSUZIakNDQXdhZ0F3SUJBZ0lSQU1tWDZMOHBGTmhtaUwydjZTMm5CREF3RFFZSktvWklodmNOQVFFTEJRQXcKRFRFTE1Ba0dBMVVFQXhNQ1kyRXdIaGNOTWpFeE1EQXlNakUxTVRNNFdoY05Nak14TURBeU1qSXdNVE00V2pBdwpNUmN3RlFZRFZRUUtFdzV6ZVhOMFpXMDZiV0Z6ZEdWeWN6RVZNQk1HQTFVRUF4TU1iV0Z6ZEdWeVkyeHBaVzUwCk1JSUNJakFOQmdrcWhraUc5dzBCQVFFRkFBT0NBZzhBTUlJQ0NnS0NBZ0VBd0c5QlFITk9zNXNKNlV0eFlyc3oKM2hzTWNjL2E5ZmMzWloyL01hZXZuV0ZXYVZETVkydzQ1VjZoRGFzcE5WcTJXRGpUWXZwdXR6NGhlS1dORklrMApKNEN4RWJqVUtRTU02Qk05WDBiU3hzSWE3eE1xaDM4aFlUZFpSbmVFeW1ubzJKdE1nK0xjYXNYWW9idHpRdUZqCldTUlYzd1N3bEFrUnhBQ2hPL1ExcW81bmROcldQRVdTaHEwUGNaN3VUNjJIU1dITmxOL294RVNHY1V2TzdJSmIKSnhVSHI1VXFOTWpaNnNxWVdVYlhzOGFaeEY2aUpOZ0NkMklreWd0TzJsbnlMNEtraU9QRWNOSFJQM2lyTy9ocQpVditwZDdtb0pvMHoyVHV6UmRQVkt3bzBTVmsrOE9BbEoxTGFaZzZaU29tWjlXM0U3dUc1dVFRaFRaUWRFYWpBCis1MVE4MTBBUGJTc1VINWtWOUlpNzgrNzlwWi9KSE9MMnNoQWMza1dHRGlFdnNFcld0aDQ4blNYcjhtVUlDM2oKTGV2Zi9HRHIreUZRaERTVjBzNlAwdzEzTlE0ZjdTMmYrTkNRU05TTGRxOFhQUTNVOGtoSlFlZ1JxVTRFSHJnWgovUnZ6dnJSdmZ6QStoZnVpaEM4MDdzc0NVSkdrdzNZeWJOOHBFVWdCbFhUNlNMTmJLanZzUlRCUTcxcEhKSUFpCmFUdlh2dkNhdkhZZVNCUFBqSjZuUUczVXZ4emsvVUJobDN6YjdITTgyU050VWJmZHQ3Q05aZzUzSExSWmJxZXUKTmZrb2w1R0dkVVd5WFFnVXF5Y05KbGdWaDZIakRsOHFLSDRYUUZOaWtuaHNJcDhxTEZyR2RsYWUvdndnNVRsVwpuSkxMYUZMMmtpOGNxcDBnWVVmdVl2Y0NBd0VBQWFOV01GUXdEZ1lEVlIwUEFRSC9CQVFEQWdXZ01CTUdBMVVkCkpRUU1NQW9HQ0NzR0FRVUZCd01DTUF3R0ExVWRFd0VCL3dRQ01BQXdId1lEVlIwakJCZ3dGb0FVKzUzUnVsaTgKN3lGcStkUlJUT1cxVmtlMFpsZ3dEUVlKS29aSWh2Y05BUUVMQlFBRGdnSUJBTU5MU1BiN3J5WGhxeGtEUjUrcQp4UkpBQ2lFWGJhbXhjcWI0THo5RmxZdG5aaDdDMDdBSFBNUngxNWhKWHdIN2J2TTBXOElQVWhSQW9XaFppMHVFCkkxR1ZGUHFkUW8yTU9kRDZNWURlVllORHhRZDdaUzNIY2ZoNGNOMnZYRFJCTS9QRmVwYXVkSW5qaEs2L1hMMzAKTmdLdm9pMXhXd1licGl0YWpyd2FZYlZIajQ5UVZYbXBPQ2N1Nkx4TVVINC93VWpnSkZhZ2dyb2FGQkh6N1pmUQpPdXIvV3VyclY4aWljaVpYUTh4eWtEU1lreUx0QkduOFdjODdLOS9ybzZ6eVVqeE1ncWtRSkh3R0lHTHptYXhVClNTWDhBNThybTNpSnNQSzl4ZUd2VVdFVFVOQXF1YlFLNjVxZURLNzI0RnJwVFhLZjF6VCtjWGVkVldheXQrdEcKTExyRmRXeUFXUHFKcmp3emZVZzMwRTJlNmxrYjRNUVc3ZitQT3NkTml1aUZ4WkVaRXdvcWgzKzh0b1dSUDlZdApKQkUyTzNNcEdVVFJVZGJLVW0yblBKT252THYweEVoSVhjYUR0NzVFSGc3L094T0FPUmlqc0FCZ2xGWmhiQXZvCk0wMys0ZFNNRm1FSE4wU245WTVLK2gvWmhqdkdsUTdQdWFDNlBEVGU0dkR1c1JJRVdQOTFubFVQZmdsZjFtZFEKMXgrMktCeTZEaGIxTkt5Z2dGdUVaaGs3TEZMNEt2aTN2NzR3WDJXYkwwVGRNQlNmbnphTjBwNmFjU1Q3RXUrTAozemRoZWJBcnF5NkdDTmNhR0lqbkF5eEVUUmRodm5QSlhGR2U5aEFsQkkzaXZlS3p6QVhHV01RR0VDNW9RNStWCklrTHBrM2ZUeWxMTkM5RUJTeUxRQUdUZAotLS0tLUVORCBDRVJUSUZJQ0FURS0tLS0tCg==\n    client-key-data: LS0tLS1CRUdJTiBSU0EgUFJJVkFURSBLRVktLS0tLQpNSUlKSndJQkFBS0NBZ0VBd0c5QlFITk9zNXNKNlV0eFlyc3ozaHNNY2MvYTlmYzNaWjIvTWFldm5XRldhVkRNClkydzQ1VjZoRGFzcE5WcTJXRGpUWXZwdXR6NGhlS1dORklrMEo0Q3hFYmpVS1FNTTZCTTlYMGJTeHNJYTd4TXEKaDM4aFlUZFpSbmVFeW1ubzJKdE1nK0xjYXNYWW9idHpRdUZqV1NSVjN3U3dsQWtSeEFDaE8vUTFxbzVuZE5yVwpQRVdTaHEwUGNaN3VUNjJIU1dITmxOL294RVNHY1V2TzdJSmJKeFVIcjVVcU5Nalo2c3FZV1ViWHM4YVp4RjZpCkpOZ0NkMklreWd0TzJsbnlMNEtraU9QRWNOSFJQM2lyTy9ocVV2K3BkN21vSm8wejJUdXpSZFBWS3dvMFNWaysKOE9BbEoxTGFaZzZaU29tWjlXM0U3dUc1dVFRaFRaUWRFYWpBKzUxUTgxMEFQYlNzVUg1a1Y5SWk3OCs3OXBaLwpKSE9MMnNoQWMza1dHRGlFdnNFcld0aDQ4blNYcjhtVUlDM2pMZXZmL0dEcit5RlFoRFNWMHM2UDB3MTNOUTRmCjdTMmYrTkNRU05TTGRxOFhQUTNVOGtoSlFlZ1JxVTRFSHJnWi9Sdnp2clJ2ZnpBK2hmdWloQzgwN3NzQ1VKR2sKdzNZeWJOOHBFVWdCbFhUNlNMTmJLanZzUlRCUTcxcEhKSUFpYVR2WHZ2Q2F2SFllU0JQUGpKNm5RRzNVdnh6awovVUJobDN6YjdITTgyU050VWJmZHQ3Q05aZzUzSExSWmJxZXVOZmtvbDVHR2RVV3lYUWdVcXljTkpsZ1ZoNkhqCkRsOHFLSDRYUUZOaWtuaHNJcDhxTEZyR2RsYWUvdndnNVRsV25KTExhRkwya2k4Y3FwMGdZVWZ1WXZjQ0F3RUEKQVFLQ0FnQUxFZHRWRTgwQk0vZjcvYVVHSXZLMjRpTnpJSnZkN2x5M2NiMmY0NStNbEI3ZWJCRjEzckhmTC9SZgp6dXJOOE92d1kwUjF1eVpIVUVHb3FRMVdreFgyOThZMzJNUUxuK3RNSmw4dmJlbU9HWGhuTEZrVDlsSTdQMjNaClNlTFBxZ3dFK2RvSzlDL3R6SGZMeGZhNWNESEEzUUE3bGc5NlZKTTdEVFk1TnJFbm9JMS9BVisxaytMNzhGU2wKR3BsbTUvcVNWQmY1YW0vL2FsbTVocnplaWhrb1JHTnV6RXZqUVhLWHVSUE9mdTdGbnJVVndNUGZEcllGbkJXMQpzYlRWaHJzUjFKZ1diOVBMRWFiUjJlVXZ5L2lCMGNjejVmQXdWNHNXQWdNc0R5V0NGbEl2cmZ5YTZxbjRleUdwCklVbmNLZEk3ZGhjUUR0Z2FOb3liNDl0UU9yN3ZJTWhCTWIwZ3ltaXhIeENwRzlwT2tVdGJrSjIwY1ppcW1ybzUKWVZrdVBGOGpKbUJYZTFpai9HWUNkK3FhN3lMOEJJcnlvcEZBd1ZUVzNSc2pqb2dHK1JMeGNORkdYL0t3d2xCSApZcDJVZFZRY1p0U0hzc3hUdk5OU2M3SGZPNWdwYVl6N0hYc1JNY2pQSnQxdmJpRGFwY29RK0FaTWhNTlR5YndqCnk4Nm0rNzVvVFo5ZzU3T2t2RTZVbTkrbjlhVGl2a1RyS0ZhcHBxUTRFUUlPU0hzbkJSVTBTYzIwUGM4VG4xTncKODZ4M3ZhNGRMWDI5REhwZUNYelVVZHFCaC9rbWFablBORTZEVG9XTHpERjVlckFtdjVYSzV6bzU1azhHZmVjNgp3d1ZQTGdVUytKdE5MQjJQbEpMYnczOUtGZ0EwRFQram5PcTFYalJ4Q3oxVlk4RkhjUUtDQVFFQStKOHI4cnVQClc1ZHJUSUFpUlYzZnkzbVhxVlRtanBUZUhnMFJWVllrNzJzYWVIOHNZcThaVGxJSFQrRjNxalRhQVdaVWQ3dlMKS0x3cHJJWE1GKy9qdUx1OUZoY0pNUUdaMlJIMkE5Y0lVaTBXenUzaGZiZG1WRDYvSkhBVFRudXJJWklyWTNFQQoxVGVqZ0ZCR01CckwwbjgrK21jU0t6MUoyM2g1a2ZFY0h5VWVPUG1QVDZEZ2dBQnZGMGNUd3VLdnV4aGxFeldoCmU2aXVRNUxJMzZLM292cVhTN0NENTVqTk9zNWpPRm9lalJIYm5zR2daRDVoaW95OEd5UG93eVZNQmtpZHFyaTEKZ2xYMW5jWk51YjhCY2FQNDJFQ0RUbDB1QllKM0ZTVjg2cFhocFRzaDFwd2RaSXhDcmxySUVibmZ6YlIxd01RTQpaQVU3cDhSb0dmcEU3UUtDQVFFQXhpVTMzWXhhTFlXbUQya25odFYzaDdvN1dLTzRDTDQwaGdUdDZvay9YbmI1Cm10OGVsM1gycjNDRHo5MGIxWEdLODErQUp0cGY3eG0wY05iT1BUMWZCdXRmejZhZXBDSjNFcFd6L21ncldQQUIKNjdsbDJuVXFaM3Bxa1pZRXkwNWxheE53cDFzMGphN3o0eXpmNlJUc1ZQTVBScDdDVlNkWlJCRjB6OVp1Q1VjYgpRL0dHNHNBb3pPRjduUVlOWkR5VElGaVZJTVMzTkxyemYvZEhUd043Vk5Ha2ErUlgrSXJEazNkUCtvMDFmQVVxCkVtU1RqSE0rWVRtejhGZW5JaVZXODg5OUZkQVZoakJoVWxFOU9xeHZFZDJnNnJJVnNMaU5mVGUyTm40ZmczK0sKVmJqZVNEbE9uVzh5MTBiam5ySjJtQVdrSytsTlh0MWJzZmp0Qk1JTzh3S0NBUUErTmg0YUpBS3dTWWhvNFJzeQpQbFkwcFIxbEdzQ0Nady9aZHkyaUsrY2NIYkhHK3hPUk1mMWtFclNQc1h4dkU4Q0ZYeVM5dlRyT1JKOHM4MkhwCmozWnRFRlUxUk5oZzhlU2NZNWtxeHREbk55OGc0bmR0TE1vblJIZ3gxdldOeXZZOGRVWDBJUit6T3JQbjlLNUwKZFRrUldCUGJOcFZlU256RHRUYStaUlhEV1ZkaHJGakc5UnVZREFQQVVHSEtmMHkzeFZmdFlac2h4VWl0MGZuLwpzOGk5dUhUSlZNYjgyY2hvOGFIMFJPQ21MaFRGZWUvM2hZQ0UyY2hzQmlWRlIzenBpWndpVHd2a0xEeEVtWTF6CmNDOGRUNG1DRzBwLy9tTDRyL2U2UytJaEZSWWNjVnA3U0I4MnZMNG13TUtWWk94eW5iaGxYdWsyMGZSbWU0Z04KRUFuVkFvSUJBQVh4cStGYmlvRC9GMkl5OTFxV0lNWFRrbUF3V1I3NkJiMVhmSU9pcG1JQkU2L1ByYTFCZnFyNApweHVmT0d5SXdYQlhseEtUVG5sdnZmZjhtYWRBcGc4aEZIaTRPTjRYb3BiT0l0NG81ZFAvTHkrUkdqc1pkTEl4CisreHVJYXF2cVY4eThCZzFKamh4M1NNZGY0SVFmSjUzeENlTUw2dzZSL1ZBeU01TFVuVzR5bHFaYmtCekgwWTIKSlcwcWQxQmdlTkZwbHQrcXh3d3Y1NG9aTXV4dDRFOUZFcmVoMi9tNnYrODJqeEduRnNtbnBnRnpQdkhocXlkagpnY0JlQU1lSGN6cFJLU0YwWXBEcDlxRnZpblN1STQ3WHBUSWxNWDFocSt6cnRPMmhqdlIwNlFOMVRrWEFZbGxhCnNwMitwS2xvRlNLdVdLUndsVCtaU0Z6b2FNUFJ4bjBDZ2dFQUs2T09mTGt3Y2VYOEJnODdHYzVLTjZzWlVaZGUKeGdXYzhQY093RndQMlpudlJVQkV5WUdSTXpxSDBFaTJxQ3BPSmpaUXJ1SGtycGJMUG9GYzRoUmVJRno1OGFiWQovejU3WGl6RGptbDlRY045cytjNUdxelg2WmZRTVF4UEhQcFRXOVV2Y1I4TGZRR1Z3M05iRmsrdHdWRTJnRFgzCk1OdDdpTkVyRUpCMFY1ZEtDTDNmeTMyQmRwNVd0ZGRmaEp3emsrd1kvMCtQZUhGQ09aQWpYT3EwTXJ6WHdMNCsKRGhvNkhVUkRodzhJNmZieEhBbU9TRnRUbVRnK2ovL1RWM2p1dHNjQ0Z2cXY4Tzc2Yms4QXZOS0tFN2I3QXhvWgorYUk1aFZuOC9oT0tCNEpva08wVSswc2RGWGlLa2ljVlp3Wkd1RDBtQTNFald6VkNXMG9QR0Z4RnN3PT0KLS0tLS1FTkQgUlNBIFBSSVZBVEUgS0VZLS0tLS0K\n    token: 3af30130a2b221f11b9a07c4e071a274a616b3a1d5d2b0316ee6ae218610cf6de17c63ea51f353452dcf50686f7531ade29a658d01768b0a9cc3d5c0b5fc8f41\n",
            "kubelet_identity": [],
            "kubernetes_version": "1.21.2",
            "linux_profile": [
              {
                "admin_username": "linux_admin",
                "ssh_key": [
                  {
                    "key_data": "ssh-rsa AAAAB3NzaC1yc2EAAAADAQABAAABAQCyHT9EHAJG0PqyrFKBD/G6GYj+ndt1uJ5/LS0aMxn1ptKglovxDWi1q4rL982EQyiSAuT6oGEHGUbBKT2uc6u4/AJWJcoRqdJn11U3e82eT0If4/vERjMpLvM9nvTPBLPo8VMKC+7UYPpJIEfP4dyJbDkOV/3jHo7vIyoYjp3hkCa8DTvFvNboqaoVsBkFOwt1ZBCbT1Kd9ZD8Q73Ern1Im+39yBVHrYslZI10CF7YpEzOfFOtIQiOd9SiSkLQICnns6p0Sbn17EnS4Xs5mRen43d7esGXQIlfv8YBCPzmINROAqWcWCQpXvnwG3Vych2dK3OiaRHUIUDItu91pHrz linux_admin@azure.com"
                  }
                ]
              }
            ],
            "local_account_disabled": false,
            "location": "westus",
            "maintenance_window": [],
            "name": "flixtubeOrinayo",
            "network_profile": [
              {
                "dns_service_ip": "10.0.0.10",
                "docker_bridge_cidr": "172.17.0.1/16",
                "load_balancer_profile": [
                  {
                    "effective_outbound_ips": [
                      "/subscriptions/1d26022c-9813-462f-b5e1-8065836559de/resourceGroups/MC_flixtubeOrinayo_flixtubeOrinayo_westus/providers/Microsoft.Network/publicIPAddresses/73f6f265-91d1-4077-a191-f6c134b330b5"
                    ],
                    "idle_timeout_in_minutes": 0,
                    "managed_outbound_ip_count": 1,
                    "outbound_ip_address_ids": [],
                    "outbound_ip_prefix_ids": [],
                    "outbound_ports_allocated": 0
                  }
                ],
                "load_balancer_sku": "Standard",
                "network_mode": "",
                "network_plugin": "kubenet",
                "network_policy": "",
                "outbound_type": "loadBalancer",
                "pod_cidr": "10.244.0.0/16",
                "service_cidr": "10.0.0.0/16"
              }
            ],
            "node_resource_group": "MC_flixtubeOrinayo_flixtubeOrinayo_westus",
            "private_cluster_enabled": false,
            "private_cluster_public_fqdn_enabled": false,
            "private_dns_zone_id": "",
            "private_fqdn": "",
            "private_link_enabled": false,
            "resource_group_name": "flixtubeOrinayo",
            "role_based_access_control": [
              {
                "azure_active_directory": [],
                "enabled": false
              }
            ],
            "service_principal": [
              {
                "client_id": "cf13dcaf-f5a5-4c5f-ab1d-2c952db75e4b",
                "client_secret": "hP0FXwqk_zbWOdrb.SAuTa3xVQgoAOWnrP"
              }
            ],
            "sku_tier": "Free",
            "tags": {},
            "timeouts": null,
            "windows_profile": []
          },
          "sensitive_attributes": [],
          "private": "eyJlMmJmYjczMC1lY2FhLTExZTYtOGY4OC0zNDM2M2JjN2M0YzAiOnsiY3JlYXRlIjo1NDAwMDAwMDAwMDAwLCJkZWxldGUiOjU0MDAwMDAwMDAwMDAsInJlYWQiOjMwMDAwMDAwMDAwMCwidXBkYXRlIjo1NDAwMDAwMDAwMDAwfX0=",
          "dependencies": [
            "azurerm_resource_group.flixtube",
            "tls_private_key.key"
          ]
        }
      ]
    },
    {
      "mode": "managed",
      "type": "azurerm_resource_group",
      "name": "flixtube",
      "provider": "provider[\"registry.terraform.io/hashicorp/azurerm\"]",
      "instances": [
        {
          "schema_version": 0,
          "attributes": {
            "id": "/subscriptions/1d26022c-9813-462f-b5e1-8065836559de/resourceGroups/flixtubeOrinayo",
            "location": "westus",
            "name": "flixtubeOrinayo",
            "tags": {},
            "timeouts": null
          },
          "sensitive_attributes": [],
          "private": "eyJlMmJmYjczMC1lY2FhLTExZTYtOGY4OC0zNDM2M2JjN2M0YzAiOnsiY3JlYXRlIjo1NDAwMDAwMDAwMDAwLCJkZWxldGUiOjU0MDAwMDAwMDAwMDAsInJlYWQiOjMwMDAwMDAwMDAwMCwidXBkYXRlIjo1NDAwMDAwMDAwMDAwfX0="
        }
      ]
    },
    {
      "mode": "managed",
      "type": "kubernetes_deployment",
      "name": "database",
      "provider": "provider[\"registry.terraform.io/hashicorp/kubernetes\"]",
      "instances": [
        {
          "schema_version": 1,
          "attributes": {
            "id": "default/database",
            "metadata": [
              {
                "annotations": {},
                "generate_name": "",
                "generation": 1,
                "labels": {
                  "pod": "database"
                },
                "name": "database",
                "namespace": "default",
                "resource_version": "1628105",
                "uid": "6e2592ca-dabf-4f8a-8689-8f73ea96afe2"
              }
            ],
            "spec": [
              {
                "min_ready_seconds": 0,
                "paused": false,
                "progress_deadline_seconds": 600,
                "replicas": "1",
                "revision_history_limit": 10,
                "selector": [
                  {
                    "match_expressions": [],
                    "match_labels": {
                      "pod": "database"
                    }
                  }
                ],
                "strategy": [
                  {
                    "rolling_update": [
                      {
                        "max_surge": "25%",
                        "max_unavailable": "25%"
                      }
                    ],
                    "type": "RollingUpdate"
                  }
                ],
                "template": [
                  {
                    "metadata": [
                      {
                        "annotations": {},
                        "generate_name": "",
                        "generation": 0,
                        "labels": {
                          "pod": "database"
                        },
                        "name": "",
                        "namespace": "",
                        "resource_version": "",
                        "uid": ""
                      }
                    ],
                    "spec": [
                      {
                        "active_deadline_seconds": 0,
                        "affinity": [],
                        "automount_service_account_token": true,
                        "container": [
                          {
                            "args": [],
                            "command": [],
                            "env": [],
                            "env_from": [],
                            "image": "mongo",
                            "image_pull_policy": "Always",
                            "lifecycle": [],
                            "liveness_probe": [],
                            "name": "database",
                            "port": [
                              {
                                "container_port": 27017,
                                "host_ip": "",
                                "host_port": 0,
                                "name": "",
                                "protocol": "TCP"
                              }
                            ],
                            "readiness_probe": [],
                            "resources": [
                              {
                                "limits": null,
                                "requests": null
                              }
                            ],
                            "security_context": [],
                            "startup_probe": [],
                            "stdin": false,
                            "stdin_once": false,
                            "termination_message_path": "/dev/termination-log",
                            "termination_message_policy": "File",
                            "tty": false,
                            "volume_mount": [],
                            "working_dir": ""
                          }
                        ],
                        "dns_config": [],
                        "dns_policy": "ClusterFirst",
                        "enable_service_links": true,
                        "host_aliases": [],
                        "host_ipc": false,
                        "host_network": false,
                        "host_pid": false,
                        "hostname": "",
                        "image_pull_secrets": [],
                        "init_container": [],
                        "node_name": "",
                        "node_selector": {},
                        "priority_class_name": "",
                        "readiness_gate": [],
                        "restart_policy": "Always",
                        "security_context": [],
                        "service_account_name": "",
                        "share_process_namespace": false,
                        "subdomain": "",
                        "termination_grace_period_seconds": 30,
                        "toleration": [],
                        "topology_spread_constraint": [],
                        "volume": []
                      }
                    ]
                  }
                ]
              }
            ],
            "timeouts": null,
            "wait_for_rollout": true
          },
          "sensitive_attributes": [],
          "private": "eyJlMmJmYjczMC1lY2FhLTExZTYtOGY4OC0zNDM2M2JjN2M0YzAiOnsiY3JlYXRlIjo2MDAwMDAwMDAwMDAsImRlbGV0ZSI6NjAwMDAwMDAwMDAwLCJ1cGRhdGUiOjYwMDAwMDAwMDAwMH0sInNjaGVtYV92ZXJzaW9uIjoiMSJ9",
          "dependencies": [
            "azurerm_kubernetes_cluster.cluster",
            "azurerm_resource_group.flixtube",
            "tls_private_key.key"
          ]
        }
      ]
    },
    {
      "mode": "managed",
      "type": "kubernetes_deployment",
      "name": "rabbit",
      "provider": "provider[\"registry.terraform.io/hashicorp/kubernetes\"]",
      "instances": [
        {
          "schema_version": 1,
          "attributes": {
            "id": "default/rabbit",
            "metadata": [
              {
                "annotations": {},
                "generate_name": "",
                "generation": 1,
                "labels": {
                  "pod": "rabbit"
                },
                "name": "rabbit",
                "namespace": "default",
                "resource_version": "1630953",
                "uid": "9d5d881b-ab7f-45be-ba91-d973177dcc5b"
              }
            ],
            "spec": [
              {
                "min_ready_seconds": 0,
                "paused": false,
                "progress_deadline_seconds": 600,
                "replicas": "1",
                "revision_history_limit": 10,
                "selector": [
                  {
                    "match_expressions": [],
                    "match_labels": {
                      "pod": "rabbit"
                    }
                  }
                ],
                "strategy": [
                  {
                    "rolling_update": [
                      {
                        "max_surge": "25%",
                        "max_unavailable": "25%"
                      }
                    ],
                    "type": "RollingUpdate"
                  }
                ],
                "template": [
                  {
                    "metadata": [
                      {
                        "annotations": {},
                        "generate_name": "",
                        "generation": 0,
                        "labels": {
                          "pod": "rabbit"
                        },
                        "name": "",
                        "namespace": "",
                        "resource_version": "",
                        "uid": ""
                      }
                    ],
                    "spec": [
                      {
                        "active_deadline_seconds": 0,
                        "affinity": [],
                        "automount_service_account_token": true,
                        "container": [
                          {
                            "args": [],
                            "command": [],
                            "env": [],
                            "env_from": [],
                            "image": "rabbitmq:3.8.5-management",
                            "image_pull_policy": "IfNotPresent",
                            "lifecycle": [],
                            "liveness_probe": [],
                            "name": "rabbit",
                            "port": [
                              {
                                "container_port": 5672,
                                "host_ip": "",
                                "host_port": 0,
                                "name": "",
                                "protocol": "TCP"
                              }
                            ],
                            "readiness_probe": [],
                            "resources": [
                              {
                                "limits": null,
                                "requests": null
                              }
                            ],
                            "security_context": [],
                            "startup_probe": [],
                            "stdin": false,
                            "stdin_once": false,
                            "termination_message_path": "/dev/termination-log",
                            "termination_message_policy": "File",
                            "tty": false,
                            "volume_mount": [],
                            "working_dir": ""
                          }
                        ],
                        "dns_config": [],
                        "dns_policy": "ClusterFirst",
                        "enable_service_links": true,
                        "host_aliases": [],
                        "host_ipc": false,
                        "host_network": false,
                        "host_pid": false,
                        "hostname": "",
                        "image_pull_secrets": [],
                        "init_container": [],
                        "node_name": "",
                        "node_selector": {},
                        "priority_class_name": "",
                        "readiness_gate": [],
                        "restart_policy": "Always",
                        "security_context": [],
                        "service_account_name": "",
                        "share_process_namespace": false,
                        "subdomain": "",
                        "termination_grace_period_seconds": 30,
                        "toleration": [],
                        "topology_spread_constraint": [],
                        "volume": []
                      }
                    ]
                  }
                ]
              }
            ],
            "timeouts": null,
            "wait_for_rollout": true
          },
          "sensitive_attributes": [],
          "private": "eyJlMmJmYjczMC1lY2FhLTExZTYtOGY4OC0zNDM2M2JjN2M0YzAiOnsiY3JlYXRlIjo2MDAwMDAwMDAwMDAsImRlbGV0ZSI6NjAwMDAwMDAwMDAwLCJ1cGRhdGUiOjYwMDAwMDAwMDAwMH0sInNjaGVtYV92ZXJzaW9uIjoiMSJ9",
          "dependencies": [
            "azurerm_kubernetes_cluster.cluster",
            "azurerm_resource_group.flixtube",
            "tls_private_key.key"
          ]
        }
      ]
    },
    {
      "mode": "managed",
      "type": "kubernetes_deployment",
      "name": "service_deployment",
      "provider": "provider[\"registry.terraform.io/hashicorp/kubernetes\"]",
      "instances": [
        {
          "schema_version": 1,
          "attributes": {
            "id": "default/video-streaming",
            "metadata": [
              {
                "annotations": null,
                "generate_name": "",
                "generation": 1,
                "labels": {
                  "pod": "video-streaming"
                },
                "name": "video-streaming",
                "namespace": "default",
                "resource_version": "2286008",
                "uid": "a6063b52-73f4-4fb3-99ab-43390d5ad976"
              }
            ],
            "spec": [
              {
                "min_ready_seconds": 0,
                "paused": false,
                "progress_deadline_seconds": 600,
                "replicas": "1",
                "revision_history_limit": 10,
                "selector": [
                  {
                    "match_expressions": [],
                    "match_labels": {
                      "pod": "video-streaming"
                    }
                  }
                ],
                "strategy": [
                  {
                    "rolling_update": [
                      {
                        "max_surge": "25%",
                        "max_unavailable": "25%"
                      }
                    ],
                    "type": "RollingUpdate"
                  }
                ],
                "template": [
                  {
                    "metadata": [
                      {
                        "annotations": null,
                        "generate_name": "",
                        "generation": 0,
                        "labels": {
                          "pod": "video-streaming"
                        },
                        "name": "",
                        "namespace": "",
                        "resource_version": "",
                        "uid": ""
                      }
                    ],
                    "spec": [
                      {
                        "active_deadline_seconds": 0,
                        "affinity": [],
                        "automount_service_account_token": true,
                        "container": [
                          {
                            "args": null,
                            "command": null,
                            "env": [
                              {
                                "name": "PORT",
                                "value": "80",
                                "value_from": []
                              }
                            ],
                            "env_from": [],
                            "image": "flixtubeorinayo.azurecr.io/video-streaming:1",
                            "image_pull_policy": "IfNotPresent",
                            "lifecycle": [],
                            "liveness_probe": [],
                            "name": "video-streaming",
                            "port": [],
                            "readiness_probe": [],
                            "resources": [
                              {
                                "limits": null,
                                "requests": null
                              }
                            ],
                            "security_context": [],
                            "startup_probe": [],
                            "stdin": false,
                            "stdin_once": false,
                            "termination_message_path": "/dev/termination-log",
                            "termination_message_policy": "File",
                            "tty": false,
                            "volume_mount": [],
                            "working_dir": ""
                          }
                        ],
                        "dns_config": [],
                        "dns_policy": "ClusterFirst",
                        "enable_service_links": true,
                        "host_aliases": [],
                        "host_ipc": false,
                        "host_network": false,
                        "host_pid": false,
                        "hostname": "",
                        "image_pull_secrets": [
                          {
                            "name": "docker-credentials"
                          }
                        ],
                        "init_container": [],
                        "node_name": "",
                        "node_selector": null,
                        "priority_class_name": "",
                        "readiness_gate": [],
                        "restart_policy": "Always",
                        "security_context": [],
                        "service_account_name": "",
                        "share_process_namespace": false,
                        "subdomain": "",
                        "termination_grace_period_seconds": 30,
                        "toleration": [],
                        "topology_spread_constraint": [],
                        "volume": []
                      }
                    ]
                  }
                ]
              }
            ],
            "timeouts": null,
            "wait_for_rollout": true
          },
          "sensitive_attributes": [],
          "private": "eyJlMmJmYjczMC1lY2FhLTExZTYtOGY4OC0zNDM2M2JjN2M0YzAiOnsiY3JlYXRlIjo2MDAwMDAwMDAwMDAsImRlbGV0ZSI6NjAwMDAwMDAwMDAwLCJ1cGRhdGUiOjYwMDAwMDAwMDAwMH0sInNjaGVtYV92ZXJzaW9uIjoiMSJ9",
          "dependencies": [
            "azurerm_container_registry.container_registry",
            "azurerm_kubernetes_cluster.cluster",
            "kubernetes_secret.docker_credentials",
            "null_resource.docker_build",
            "null_resource.docker_login",
            "null_resource.docker_push"
          ]
        }
      ]
    },
    {
      "mode": "managed",
      "type": "kubernetes_secret",
      "name": "docker_credentials",
      "provider": "provider[\"registry.terraform.io/hashicorp/kubernetes\"]",
      "instances": [
        {
          "schema_version": 0,
          "attributes": {
            "binary_data": null,
            "data": {
              ".dockerconfigjson": "{\"auths\":{\"flixtubeorinayo.azurecr.io\":{\"auth\":\"ZmxpeHR1YmVPcmluYXlvOjcxRGJ2bUhiWjl6L3YxT1lHd1RPUFRJeDlUT0JhZlZz\"}}}"
            },
            "id": "default/docker-credentials",
            "metadata": [
              {
                "annotations": null,
                "generate_name": "",
                "generation": 0,
                "labels": null,
                "name": "docker-credentials",
                "namespace": "default",
                "resource_version": "2285312",
                "uid": "2aaf3563-6148-4905-a953-d00d3b6cba50"
              }
            ],
            "type": "kubernetes.io/dockerconfigjson"
          },
          "sensitive_attributes": [
            [
              {
                "type": "get_attr",
                "value": "data"
              },
              {
                "type": "index",
                "value": {
                  "value": ".dockerconfigjson",
                  "type": "string"
                }
              }
            ]
          ],
          "private": "bnVsbA==",
          "dependencies": [
            "azurerm_container_registry.container_registry",
            "azurerm_kubernetes_cluster.cluster"
          ]
        }
      ]
    },
    {
      "mode": "managed",
      "type": "kubernetes_service",
      "name": "database",
      "provider": "provider[\"registry.terraform.io/hashicorp/kubernetes\"]",
      "instances": [
        {
          "schema_version": 1,
          "attributes": {
            "id": "default/database",
            "metadata": [
              {
                "annotations": {},
                "generate_name": "",
                "generation": 0,
                "labels": {},
                "name": "database",
                "namespace": "default",
                "resource_version": "1632057",
                "uid": "e18e122f-e042-457e-8893-9be09fc93bcb"
              }
            ],
            "spec": [
              {
                "cluster_ip": "10.0.136.194",
                "external_ips": [],
                "external_name": "",
                "external_traffic_policy": "",
                "health_check_node_port": 0,
                "load_balancer_ip": "",
                "load_balancer_source_ranges": [],
                "port": [
                  {
                    "name": "",
                    "node_port": 0,
                    "port": 27017,
                    "protocol": "TCP",
                    "target_port": "27017"
                  }
                ],
                "publish_not_ready_addresses": false,
                "selector": {
                  "pod": "database"
                },
                "session_affinity": "None",
                "type": "ClusterIP"
              }
            ],
            "status": [
              {
                "load_balancer": [
                  {
                    "ingress": []
                  }
                ]
              }
            ],
            "timeouts": null,
            "wait_for_load_balancer": true
          },
          "sensitive_attributes": [],
          "private": "eyJlMmJmYjczMC1lY2FhLTExZTYtOGY4OC0zNDM2M2JjN2M0YzAiOnsiY3JlYXRlIjo2MDAwMDAwMDAwMDB9LCJzY2hlbWFfdmVyc2lvbiI6IjEifQ==",
          "dependencies": [
            "kubernetes_deployment.database",
            "tls_private_key.key",
            "azurerm_kubernetes_cluster.cluster",
            "azurerm_resource_group.flixtube"
          ]
        }
      ]
    },
    {
      "mode": "managed",
      "type": "kubernetes_service",
      "name": "rabbit",
      "provider": "provider[\"registry.terraform.io/hashicorp/kubernetes\"]",
      "instances": [
        {
          "schema_version": 1,
          "attributes": {
            "id": "default/rabbit",
            "metadata": [
              {
                "annotations": {},
                "generate_name": "",
                "generation": 0,
                "labels": {},
                "name": "rabbit",
                "namespace": "default",
                "resource_version": "1630973",
                "uid": "0ec17e21-c4a1-4016-b25a-2eb752529c74"
              }
            ],
            "spec": [
              {
                "cluster_ip": "10.0.228.247",
                "external_ips": [],
                "external_name": "",
                "external_traffic_policy": "",
                "health_check_node_port": 0,
                "load_balancer_ip": "",
                "load_balancer_source_ranges": [],
                "port": [
                  {
                    "name": "",
                    "node_port": 0,
                    "port": 5672,
                    "protocol": "TCP",
                    "target_port": "5672"
                  }
                ],
                "publish_not_ready_addresses": false,
                "selector": {
                  "pod": "rabbit"
                },
                "session_affinity": "None",
                "type": "ClusterIP"
              }
            ],
            "status": [
              {
                "load_balancer": [
                  {
                    "ingress": []
                  }
                ]
              }
            ],
            "timeouts": null,
            "wait_for_load_balancer": true
          },
          "sensitive_attributes": [],
          "private": "eyJlMmJmYjczMC1lY2FhLTExZTYtOGY4OC0zNDM2M2JjN2M0YzAiOnsiY3JlYXRlIjo2MDAwMDAwMDAwMDB9LCJzY2hlbWFfdmVyc2lvbiI6IjEifQ==",
          "dependencies": [
            "azurerm_kubernetes_cluster.cluster",
            "azurerm_resource_group.flixtube",
            "kubernetes_deployment.rabbit",
            "tls_private_key.key"
          ]
        }
      ]
    },
    {
      "mode": "managed",
      "type": "kubernetes_service",
      "name": "rabbit_dashboard",
      "provider": "provider[\"registry.terraform.io/hashicorp/kubernetes\"]",
      "instances": [
        {
          "schema_version": 1,
          "attributes": {
            "id": "default/rabbit-dashboard",
            "metadata": [
              {
                "annotations": {},
                "generate_name": "",
                "generation": 0,
                "labels": {},
                "name": "rabbit-dashboard",
                "namespace": "default",
                "resource_version": "1631985",
                "uid": "dec1e556-3828-4ebe-816d-4cc26b494269"
              }
            ],
            "spec": [
              {
                "cluster_ip": "10.0.212.228",
                "external_ips": [],
                "external_name": "",
                "external_traffic_policy": "",
                "health_check_node_port": 0,
                "load_balancer_ip": "",
                "load_balancer_source_ranges": [],
                "port": [
                  {
                    "name": "",
                    "node_port": 0,
                    "port": 15672,
                    "protocol": "TCP",
                    "target_port": "15672"
                  }
                ],
                "publish_not_ready_addresses": false,
                "selector": {
                  "pod": "rabbit"
                },
                "session_affinity": "None",
                "type": "ClusterIP"
              }
            ],
            "status": [
              {
                "load_balancer": [
                  {
                    "ingress": []
                  }
                ]
              }
            ],
            "timeouts": null,
            "wait_for_load_balancer": true
          },
          "sensitive_attributes": [],
          "private": "eyJlMmJmYjczMC1lY2FhLTExZTYtOGY4OC0zNDM2M2JjN2M0YzAiOnsiY3JlYXRlIjo2MDAwMDAwMDAwMDB9LCJzY2hlbWFfdmVyc2lvbiI6IjEifQ==",
          "dependencies": [
            "azurerm_kubernetes_cluster.cluster",
            "azurerm_resource_group.flixtube",
            "kubernetes_deployment.rabbit",
            "tls_private_key.key"
          ]
        }
      ]
    },
    {
      "mode": "managed",
      "type": "kubernetes_service",
      "name": "service",
      "provider": "provider[\"registry.terraform.io/hashicorp/kubernetes\"]",
      "instances": [
        {
          "schema_version": 1,
          "attributes": {
            "id": "default/video-streaming",
            "metadata": [
              {
                "annotations": null,
                "generate_name": "",
                "generation": 0,
                "labels": null,
                "name": "video-streaming",
                "namespace": "default",
                "resource_version": "2286075",
                "uid": "aecc5e69-c590-4e3d-8113-a421c09ff655"
              }
            ],
            "spec": [
              {
                "cluster_ip": "10.0.186.59",
                "external_ips": null,
                "external_name": "",
                "external_traffic_policy": "Cluster",
                "health_check_node_port": 0,
                "load_balancer_ip": "",
                "load_balancer_source_ranges": null,
                "port": [
                  {
                    "name": "",
                    "node_port": 32348,
                    "port": 80,
                    "protocol": "TCP",
                    "target_port": "80"
                  }
                ],
                "publish_not_ready_addresses": false,
                "selector": {
                  "pod": "video-streaming"
                },
                "session_affinity": "ClientIP",
                "type": "LoadBalancer"
              }
            ],
            "status": [
              {
                "load_balancer": [
                  {
                    "ingress": [
                      {
                        "hostname": "",
                        "ip": "13.88.101.27"
                      }
                    ]
                  }
                ]
              }
            ],
            "timeouts": null,
            "wait_for_load_balancer": true
          },
          "sensitive_attributes": [],
          "private": "eyJlMmJmYjczMC1lY2FhLTExZTYtOGY4OC0zNDM2M2JjN2M0YzAiOnsiY3JlYXRlIjo2MDAwMDAwMDAwMDB9LCJzY2hlbWFfdmVyc2lvbiI6IjEifQ==",
          "dependencies": [
            "azurerm_container_registry.container_registry",
            "azurerm_kubernetes_cluster.cluster",
            "kubernetes_deployment.service_deployment",
            "kubernetes_secret.docker_credentials",
            "null_resource.docker_build",
            "null_resource.docker_login",
            "null_resource.docker_push"
          ]
        }
      ]
    },
    {
      "mode": "managed",
      "type": "null_resource",
      "name": "docker_build",
      "provider": "provider[\"registry.terraform.io/hashicorp/null\"]",
      "instances": [
        {
          "schema_version": 0,
          "attributes": {
            "id": "7165132529862602652",
            "triggers": {
              "always_run": "2021-10-12T10:08:06Z"
            }
          },
          "sensitive_attributes": [],
          "private": "bnVsbA==",
          "dependencies": [
            "azurerm_container_registry.container_registry"
          ]
        }
      ]
    },
    {
      "mode": "managed",
      "type": "null_resource",
      "name": "docker_login",
      "provider": "provider[\"registry.terraform.io/hashicorp/null\"]",
      "instances": [
        {
          "schema_version": 0,
          "attributes": {
            "id": "7670448918525106803",
            "triggers": {
              "always_run": "2021-10-12T10:10:05Z"
            }
          },
          "sensitive_attributes": [],
          "private": "bnVsbA==",
          "dependencies": [
            "azurerm_container_registry.container_registry",
            "null_resource.docker_build"
          ]
        }
      ]
    },
    {
      "mode": "managed",
      "type": "null_resource",
      "name": "docker_push",
      "provider": "provider[\"registry.terraform.io/hashicorp/null\"]",
      "instances": [
        {
          "schema_version": 0,
          "attributes": {
            "id": "69416379871244176",
            "triggers": {
              "always_run": "2021-10-12T10:10:11Z"
            }
          },
          "sensitive_attributes": [],
          "private": "bnVsbA==",
          "dependencies": [
            "azurerm_container_registry.container_registry",
            "null_resource.docker_build",
            "null_resource.docker_login"
          ]
        }
      ]
    },
    {
      "mode": "managed",
      "type": "tls_private_key",
      "name": "key",
      "provider": "provider[\"registry.terraform.io/hashicorp/tls\"]",
      "instances": [
        {
          "schema_version": 0,
          "attributes": {
            "algorithm": "RSA",
            "ecdsa_curve": "P224",
            "id": "628830e1e4035afd0f1207a1e45ae22eea578ea9",
            "private_key_pem": "-----BEGIN RSA PRIVATE KEY-----\nMIIEowIBAAKCAQEAsh0/RBwCRtD6sqxSgQ/xuhmI/p3bdbiefy0tGjMZ9abSoJaL\n8Q1otauKy/fNhEMokgLk+qBhBxlGwSk9rnOruPwCViXKEanSZ9dVN3vNnk9CH+P7\nxEYzKS7zPZ70zwSz6PFTCgvu1GD6SSBHz+HciWw5Dlf94x6O7yMqGI6d4ZAmvA07\nxbzW6KmqFbAZBTsLdWQQm09SnfWQ/EO9xK59SJvt/cgVR62LJWSNdAhe2KRMznxT\nrSEIjnfUokpC0CAp57OqdEm59exJ0uF7OZkXp+N3e3rBl0CJX7/GAQj85iDUTgKl\nnFgkKV758Bt1cnIdnStzomkR1CFAyLbvdaR68wIDAQABAoIBADb6/DqEAtflTl20\n/8rDJzTxCO6/v6y5DoPnaBK8T3kaw826avw/zWC20SNhHNmE+ZMIvbH3q7vLO6II\nnveo0QtLD1WUWKnXKBHR0IZN+wyxHpJFh8Pwf35o9cDBvoPgycBQLffd8x0vylKk\nWkZ7S95Hv90DoGVpW2nKCwaFj4q+tsGoFJBo0kfuwrJt/kNMDauOaEGZb/MSLXhz\nEjHAxXMBJznGBkrvRa7kLSU4URbQhbHD32Nau50Njo4D0m/tXoKQ90U3lYruite0\ngQw2nIdq4UWs4K3e/v4SOqjRjU15AObcwi0UO5oAAnhVGMao0Syz97H+4F5r8+5A\ny0Px6QECgYEA1bR59rxHAjJDN4gCWy3NfcxIEIer4WYD53cY6mJtqC/q4odZx9u0\nz7SCs26qLpL6nyupnMfu1qXtN6zNUWdz6FBUwZCt4X4xSIMjWgO4SoOl/5u9nEQl\n3qnwxCzrXWTxce+jIom8va/aBngHKN6bAH9sEr7LjHhME5ZQb91y8rMCgYEA1V2K\nB3Q/Gq6keMOt4nj4kCvNxdDAMu1BdFaRENLQstS6vDVleAEsYUNabEn8vsXBnTT2\nYq1JfgPcPUvp0P3FNI7ZJ2zZL1JMJ6BItkVlloZE5n4LXwt75JQH8WpFYcNdNsnQ\nWfkXJwWvadwoBq1h1YxvOFHAq6J9wUbkNsvvdsECgYByZlGf9rwgfd2jvYhdXRCT\nFidByg8F80GFyCirWBORpE0eBQzXw1JwmhYZjdVGZ2IIkSwUBKdjeqGZW0TyHepb\nY51rnVKn0pD5W1IyXqlqIj1brvh6zbRkFR8RNWatsVra/kibNZa3CIszSU+z3i6l\nvpCRHFgEk2VOWvomWCqvpwKBgAd8F4p5ZnlOJRDjdGccbUPJdZd54jQnJIOrQb2A\nV7feRIqzqNKT3/Wtgi+ITOh4UXltUTNW9twH0KMJ1bLyJAfa9v0uEVRao7dEJSjX\nuF+WaDZZt5Zm9bqoArtSSgrK6qswWzG8zjYdOfERuwm47VSrb39fRs3+jkDIdtsB\nPm5BAoGBALrrQN6/TDkV5NDFgMLV6yxOt7LCnoLTDdus14imisQKinhPqH0O0/8K\nDecFOI8axDrmIP42zNsg7kdp1l5htlNDAmIP/u2nQjBQ2FfKa+hxp691fM3F858k\nc4S0zs5Kdg3fO7TC83erZKkIfmgfsZFYCrhw8Cdg1TxJ0MtOTdkD\n-----END RSA PRIVATE KEY-----\n",
            "public_key_fingerprint_md5": "3f:fb:60:3e:fe:6f:b4:ca:95:2f:2e:d8:99:a9:9d:67",
            "public_key_openssh": "ssh-rsa AAAAB3NzaC1yc2EAAAADAQABAAABAQCyHT9EHAJG0PqyrFKBD/G6GYj+ndt1uJ5/LS0aMxn1ptKglovxDWi1q4rL982EQyiSAuT6oGEHGUbBKT2uc6u4/AJWJcoRqdJn11U3e82eT0If4/vERjMpLvM9nvTPBLPo8VMKC+7UYPpJIEfP4dyJbDkOV/3jHo7vIyoYjp3hkCa8DTvFvNboqaoVsBkFOwt1ZBCbT1Kd9ZD8Q73Ern1Im+39yBVHrYslZI10CF7YpEzOfFOtIQiOd9SiSkLQICnns6p0Sbn17EnS4Xs5mRen43d7esGXQIlfv8YBCPzmINROAqWcWCQpXvnwG3Vych2dK3OiaRHUIUDItu91pHrz\n",
            "public_key_pem": "-----BEGIN PUBLIC KEY-----\nMIIBIjANBgkqhkiG9w0BAQEFAAOCAQ8AMIIBCgKCAQEAsh0/RBwCRtD6sqxSgQ/x\nuhmI/p3bdbiefy0tGjMZ9abSoJaL8Q1otauKy/fNhEMokgLk+qBhBxlGwSk9rnOr\nuPwCViXKEanSZ9dVN3vNnk9CH+P7xEYzKS7zPZ70zwSz6PFTCgvu1GD6SSBHz+Hc\niWw5Dlf94x6O7yMqGI6d4ZAmvA07xbzW6KmqFbAZBTsLdWQQm09SnfWQ/EO9xK59\nSJvt/cgVR62LJWSNdAhe2KRMznxTrSEIjnfUokpC0CAp57OqdEm59exJ0uF7OZkX\np+N3e3rBl0CJX7/GAQj85iDUTgKlnFgkKV758Bt1cnIdnStzomkR1CFAyLbvdaR6\n8wIDAQAB\n-----END PUBLIC KEY-----\n",
            "rsa_bits": 2048
          },
          "sensitive_attributes": [],
          "private": "bnVsbA=="
        }
      ]
    }
  ]
}
